
Microsoft Visual Studio Solution File, Format Version 12.00
# Visual Studio Version 17
VisualStudioVersion = 17.0.32014.148
MinimumVisualStudioVersion = 10.0.40219.1
Project("{9A19103F-16F7-4668-BE54-9A1E7A4F7556}") = "CompanyEmployees", "CompanyEmployees\CompanyEmployees.csproj", "{A6DFBBF2-B7E3-49A8-A66E-2A853907701E}"
EndProject
Project("{9A19103F-16F7-4668-BE54-9A1E7A4F7556}") = "Contracts", "Contracts\Contracts.csproj", "{5577632C-CDF5-4012-8CC8-B5769030E420}"
EndProject
Project("{9A19103F-16F7-4668-BE54-9A1E7A4F7556}") = "LoggerService", "LoggerService\LoggerService.csproj", "{29D096D0-5D5E-42D5-95ED-30FFD310E7BB}"
EndProject
Project("{9A19103F-16F7-4668-BE54-9A1E7A4F7556}") = "Entities", "Entities\Entities.csproj", "{D280D675-9CBA-456A-B7C7-BC3F33C32EE7}"
EndProject
Project("{FAE04EC0-301F-11D3-BF4B-00C04F79EFBC}") = "Repository", "Repository\Repository.csproj", "{E354079F-A340-444E-AEAF-16BF397C9CCC}"
EndProject
Global
	GlobalSection(SolutionConfigurationPlatforms) = preSolution
		Debug|Any CPU = Debug|Any CPU
		Release|Any CPU = Release|Any CPU
	EndGlobalSection
	GlobalSection(ProjectConfigurationPlatforms) = postSolution
		{A6DFBBF2-B7E3-49A8-A66E-2A853907701E}.Debug|Any CPU.ActiveCfg = Debug|Any CPU
		{A6DFBBF2-B7E3-49A8-A66E-2A853907701E}.Debug|Any CPU.Build.0 = Debug|Any CPU
		{A6DFBBF2-B7E3-49A8-A66E-2A853907701E}.Release|Any CPU.ActiveCfg = Release|Any CPU
		{A6DFBBF2-B7E3-49A8-A66E-2A853907701E}.Release|Any CPU.Build.0 = Release|Any CPU
		{5577632C-CDF5-4012-8CC8-B5769030E420}.Debug|Any CPU.ActiveCfg = Debug|Any CPU
		{5577632C-CDF5-4012-8CC8-B5769030E420}.Debug|Any CPU.Build.0 = Debug|Any CPU
		{5577632C-CDF5-4012-8CC8-B5769030E420}.Release|Any CPU.ActiveCfg = Release|Any CPU
		{5577632C-CDF5-4012-8CC8-B5769030E420}.Release|Any CPU.Build.0 = Release|Any CPU
		{29D096D0-5D5E-42D5-95ED-30FFD310E7BB}.Debug|Any CPU.ActiveCfg = Debug|Any CPU
		{29D096D0-5D5E-42D5-95ED-30FFD310E7BB}.Debug|Any CPU.Build.0 = Debug|Any CPU
		{29D096D0-5D5E-42D5-95ED-30FFD310E7BB}.Release|Any CPU.ActiveCfg = Release|Any CPU
		{29D096D0-5D5E-42D5-95ED-30FFD310E7BB}.Release|Any CPU.Build.0 = Release|Any CPU
		{D280D675-9CBA-456A-B7C7-BC3F33C32EE7}.Debug|Any CPU.ActiveCfg = Debug|Any CPU
		{D280D675-9CBA-456A-B7C7-BC3F33C32EE7}.Debug|Any CPU.Build.0 = Debug|Any CPU
		{D280D675-9CBA-456A-B7C7-BC3F33C32EE7}.Release|Any CPU.ActiveCfg = Release|Any CPU
		{D280D675-9CBA-456A-B7C7-BC3F33C32EE7}.Release|Any CPU.Build.0 = Release|Any CPU
		{E354079F-A340-444E-AEAF-16BF397C9CCC}.Debug|Any CPU.ActiveCfg = Debug|Any CPU
		{E354079F-A340-444E-AEAF-16BF397C9CCC}.Debug|Any CPU.Build.0 = Debug|Any CPU
		{E354079F-A340-444E-AEAF-16BF397C9CCC}.Release|Any CPU.ActiveCfg = Release|Any CPU
		{E354079F-A340-444E-AEAF-16BF397C9CCC}.Release|Any CPU.Build.0 = Release|Any CPU
	EndGlobalSection
	GlobalSection(SolutionProperties) = preSolution
		HideSolutionNode = FALSE
	EndGlobalSection
	GlobalSection(ExtensibilityGlobals) = postSolution
		SolutionGuid = {8DC647F6-DE54-4406-97A8-BD3D32081CC9}
	EndGlobalSection
EndGlobal
